
Microsoft Visual Studio Solution File, Format Version 12.00
# Visual Studio Version 16
VisualStudioVersion = 16.0.31424.327
MinimumVisualStudioVersion = 10.0.40219.1
Project("{FAE04EC0-301F-11D3-BF4B-00C04F79EFBC}") = "ConsoleApp2", "ConsoleApp2\ConsoleApp2.csproj", "{03034C82-7B9F-4047-845B-C2D48D9FF4D3}"
EndProject
Global
	GlobalSection(SolutionConfigurationPlatforms) = preSolution
		Debug|Any CPU = Debug|Any CPU
		Release|Any CPU = Release|Any CPU
	EndGlobalSection
	GlobalSection(ProjectConfigurationPlatforms) = postSolution
		{03034C82-7B9F-4047-845B-C2D48D9FF4D3}.Debug|Any CPU.ActiveCfg = Debug|Any CPU
		{03034C82-7B9F-4047-845B-C2D48D9FF4D3}.Debug|Any CPU.Build.0 = Debug|Any CPU
		{03034C82-7B9F-4047-845B-C2D48D9FF4D3}.Release|Any CPU.ActiveCfg = Release|Any CPU
		{03034C82-7B9F-4047-845B-C2D48D9FF4D3}.Release|Any CPU.Build.0 = Release|Any CPU
	EndGlobalSection
	GlobalSection(SolutionProperties) = preSolution
		HideSolutionNode = FALSE
	EndGlobalSection
	GlobalSection(ExtensibilityGlobals) = postSolution
		SolutionGuid = {F3DC0E22-63FF-4400-9DEB-E5225476E454}
	EndGlobalSection
EndGlobal
